// !$*UTF8*$!
{
	archiveVersion = 1;
	classes = {
	};
	objectVersion = 46;
	objects = {

/* Begin PBXFileReference section */
		3B1A7FAA19D2091100A5586F /* CompressedImage.cpp */ = {isa = PBXFileReference; lastKnownFileType = sourcecode.cpp.cpp; path = CompressedImage.cpp; sourceTree = "<group>"; };
		3B1A7FAB19D2091100A5586F /* CompressedImage.h */ = {isa = PBXFileReference; lastKnownFileType = sourcecode.c.h; path = CompressedImage.h; sourceTree = "<group>"; };
		3B6424B319D49AB80080DA11 /* ImageMatrix.h */ = {isa = PBXFileReference; lastKnownFileType = sourcecode.c.h; path = ImageMatrix.h; sourceTree = "<group>"; };
		3B6C3FC719BA6E5000394445 /* bmp.h */ = {isa = PBXFileReference; fileEncoding = 4; lastKnownFileType = sourcecode.c.h; path = bmp.h; sourceTree = "<group>"; };
		3B6C3FC819BA6E5000394445 /* ImageMatrix.cpp */ = {isa = PBXFileReference; fileEncoding = 4; lastKnownFileType = sourcecode.cpp.cpp; path = ImageMatrix.cpp; sourceTree = "<group>"; };
		3B6C3FC919BA6E5000394445 /* main.cpp */ = {isa = PBXFileReference; fileEncoding = 4; lastKnownFileType = sourcecode.cpp.cpp; path = main.cpp; sourceTree = "<group>"; };
		3BA04CF119D3830A00B08867 /* IMatrix.h */ = {isa = PBXFileReference; lastKnownFileType = sourcecode.c.h; path = IMatrix.h; sourceTree = "<group>"; };
		3BA04CF219D384A600B08867 /* makefile */ = {isa = PBXFileReference; lastKnownFileType = sourcecode.make; path = makefile; sourceTree = "<group>"; };
/* End PBXFileReference section */

/* Begin PBXGroup section */
		3B3D7FF519BA6E21001F9367 = {
			isa = PBXGroup;
			children = (
				3B6424B319D49AB80080DA11 /* ImageMatrix.h */,
				3BA04CF219D384A600B08867 /* makefile */,
				3BA04CF119D3830A00B08867 /* IMatrix.h */,
				3B1A7FAA19D2091100A5586F /* CompressedImage.cpp */,
				3B1A7FAB19D2091100A5586F /* CompressedImage.h */,
				3B6C3FC719BA6E5000394445 /* bmp.h */,
				3B6C3FC819BA6E5000394445 /* ImageMatrix.cpp */,
				3B6C3FC919BA6E5000394445 /* main.cpp */,
			);
			sourceTree = "<group>";
		};
/* End PBXGroup section */

/* Begin PBXLegacyTarget section */
		3B3D7FFA19BA6E21001F9367 /* DCTcompressor */ = {
			isa = PBXLegacyTarget;
			buildArgumentsString = "";
			buildConfigurationList = 3B3D7FFD19BA6E21001F9367 /* Build configuration list for PBXLegacyTarget "DCTcompressor" */;
			buildPhases = (
			);
			buildToolPath = make;
			buildWorkingDirectory = "";
			dependencies = (
			);
			name = DCTcompressor;
			passBuildSettingsInEnvironment = 1;
			productName = DCTcompressor;
		};
/* End PBXLegacyTarget section */

/* Begin PBXProject section */
		3B3D7FF619BA6E21001F9367 /* Project object */ = {
			isa = PBXProject;
			attributes = {
				LastUpgradeCheck = 0510;
				ORGANIZATIONNAME = Alejandro;
			};
			buildConfigurationList = 3B3D7FF919BA6E21001F9367 /* Build configuration list for PBXProject "DCTcompressor" */;
			compatibilityVersion = "Xcode 3.2";
			developmentRegion = English;
			hasScannedForEncodings = 0;
			knownRegions = (
				en,
			);
			mainGroup = 3B3D7FF519BA6E21001F9367;
			projectDirPath = "";
			projectRoot = "";
			targets = (
				3B3D7FFA19BA6E21001F9367 /* DCTcompressor */,
			);
		};
/* End PBXProject section */

/* Begin XCBuildConfiguration section */
		3B3D7FFB19BA6E21001F9367 /* Debug */ = {
			isa = XCBuildConfiguration;
			buildSettings = {
				ALWAYS_SEARCH_USER_PATHS = NO;
				CLANG_CXX_LANGUAGE_STANDARD = "gnu++0x";
				CLANG_CXX_LIBRARY = "libc++";
				CLANG_ENABLE_MODULES = YES;
				CLANG_ENABLE_OBJC_ARC = YES;
				CLANG_WARN_BOOL_CONVERSION = YES;
				CLANG_WARN_CONSTANT_CONVERSION = YES;
				CLANG_WARN_DIRECT_OBJC_ISA_USAGE = YES_ERROR;
				CLANG_WARN_EMPTY_BODY = YES;
				CLANG_WARN_ENUM_CONVERSION = YES;
				CLANG_WARN_INT_CONVERSION = YES;
				CLANG_WARN_OBJC_ROOT_CLASS = YES_ERROR;
				CLANG_WARN__DUPLICATE_METHOD_MATCH = YES;
				COPY_PHASE_STRIP = NO;
				GCC_C_LANGUAGE_STANDARD = gnu99;
				GCC_DYNAMIC_NO_PIC = NO;
				GCC_ENABLE_OBJC_EXCEPTIONS = YES;
				GCC_OPTIMIZATION_LEVEL = 0;
				GCC_PREPROCESSOR_DEFINITIONS = (
					"DEBUG=1",
					"$(inherited)",
				);
				GCC_SYMBOLS_PRIVATE_EXTERN = NO;
				GCC_WARN_64_TO_32_BIT_CONVERSION = YES;
				GCC_WARN_ABOUT_RETURN_TYPE = YES_ERROR;
				GCC_WARN_UNDECLARED_SELECTOR = YES;
				GCC_WARN_UNINITIALIZED_AUTOS = YES_AGGRESSIVE;
				GCC_WARN_UNUSED_FUNCTION = YES;
				GCC_WARN_UNUSED_VARIABLE = YES;
				MACOSX_DEPLOYMENT_TARGET = 10.9;
				ONLY_ACTIVE_ARCH = YES;
				SDKROOT = macosx;
			};
			name = Debug;
		};
		3B3D7FFC19BA6E21001F9367 /* Release */ = {
			isa = XCBuildConfiguration;
			buildSettings = {
				ALWAYS_SEARCH_USER_PATHS = NO;
				CLANG_CXX_LANGUAGE_STANDARD = "gnu++0x";
				CLANG_CXX_LIBRARY = "libc++";
				CLANG_ENABLE_MODULES = YES;
				CLANG_ENABLE_OBJC_ARC = YES;
				CLANG_WARN_BOOL_CONVERSION = YES;
				CLANG_WARN_CONSTANT_CONVERSION = YES;
				CLANG_WARN_DIRECT_OBJC_ISA_USAGE = YES_ERROR;
				CLANG_WARN_EMPTY_BODY = YES;
				CLANG_WARN_ENUM_CONVERSION = YES;
				CLANG_WARN_INT_CONVERSION = YES;
				CLANG_WARN_OBJC_ROOT_CLASS = YES_ERROR;
				CLANG_WARN__DUPLICATE_METHOD_MATCH = YES;
				COPY_PHASE_STRIP = YES;
				DEBUG_INFORMATION_FORMAT = "dwarf-with-dsym";
				ENABLE_NS_ASSERTIONS = NO;
				GCC_C_LANGUAGE_STANDARD = gnu99;
				GCC_ENABLE_OBJC_EXCEPTIONS = YES;
				GCC_WARN_64_TO_32_BIT_CONVERSION = YES;
				GCC_WARN_ABOUT_RETURN_TYPE = YES_ERROR;
				GCC_WARN_UNDECLARED_SELECTOR = YES;
				GCC_WARN_UNINITIALIZED_AUTOS = YES_AGGRESSIVE;
				GCC_WARN_UNUSED_FUNCTION = YES;
				GCC_WARN_UNUSED_VARIABLE = YES;
				MACOSX_DEPLOYMENT_TARGET = 10.9;
				SDKROOT = macosx;
			};
			name = Release;
		};
		3B3D7FFE19BA6E21001F9367 /* Debug */ = {
			isa = XCBuildConfiguration;
			buildSettings = {
				DEBUGGING_SYMBOLS = YES;
				GCC_GENERATE_DEBUGGING_SYMBOLS = YES;
				GCC_OPTIMIZATION_LEVEL = 0;
				OTHER_CFLAGS = "";
				OTHER_LDFLAGS = "";
				PRODUCT_NAME = "$(TARGET_NAME)";
			};
			name = Debug;
		};
		3B3D7FFF19BA6E21001F9367 /* Release */ = {
			isa = XCBuildConfiguration;
			buildSettings = {
				OTHER_CFLAGS = "";
				OTHER_LDFLAGS = "";
				PRODUCT_NAME = "$(TARGET_NAME)";
			};
			name = Release;
		};
/* End XCBuildConfiguration section */

/* Begin XCConfigurationList section */
		3B3D7FF919BA6E21001F9367 /* Build configuration list for PBXProject "DCTcompressor" */ = {
			isa = XCConfigurationList;
			buildConfigurations = (
				3B3D7FFB19BA6E21001F9367 /* Debug */,
				3B3D7FFC19BA6E21001F9367 /* Release */,
			);
			defaultConfigurationIsVisible = 0;
			defaultConfigurationName = Release;
		};
		3B3D7FFD19BA6E21001F9367 /* Build configuration list for PBXLegacyTarget "DCTcompressor" */ = {
			isa = XCConfigurationList;
			buildConfigurations = (
				3B3D7FFE19BA6E21001F9367 /* Debug */,
				3B3D7FFF19BA6E21001F9367 /* Release */,
			);
			defaultConfigurationIsVisible = 0;
			defaultConfigurationName = Release;
		};
/* End XCConfigurationList section */
	};
	rootObject = 3B3D7FF619BA6E21001F9367 /* Project object */;
}
